
Microsoft Visual Studio Solution File, Format Version 12.00
# Visual Studio 15
VisualStudioVersion = 15.0.27130.2003
MinimumVisualStudioVersion = 10.0.40219.1
Project("{888888A0-9F3D-457C-B088-3A5042F75D52}") = "TraidingBot", "TraidingBot\TraidingBot.pyproj", "{96C3E877-5CDD-420B-B073-61CAA9D67BF4}"
EndProject
Global
	GlobalSection(SolutionConfigurationPlatforms) = preSolution
		Debug|Any CPU = Debug|Any CPU
		Release|Any CPU = Release|Any CPU
	EndGlobalSection
	GlobalSection(ProjectConfigurationPlatforms) = postSolution
		{96C3E877-5CDD-420B-B073-61CAA9D67BF4}.Debug|Any CPU.ActiveCfg = Debug|Any CPU
		{96C3E877-5CDD-420B-B073-61CAA9D67BF4}.Release|Any CPU.ActiveCfg = Release|Any CPU
	EndGlobalSection
	GlobalSection(SolutionProperties) = preSolution
		HideSolutionNode = FALSE
	EndGlobalSection
	GlobalSection(ExtensibilityGlobals) = postSolution
		SolutionGuid = {10C44500-8BEE-4545-9153-1C9C1BE15D47}
	EndGlobalSection
EndGlobal
